
Microsoft Visual Studio Solution File, Format Version 12.00
# Visual Studio Version 17
VisualStudioVersion = 17.6.33829.357
MinimumVisualStudioVersion = 10.0.40219.1
Project("{FAE04EC0-301F-11D3-BF4B-00C04F79EFBC}") = "DZ6.6", "DZ6.6\DZ6.6.csproj", "{62CB2C5C-324D-4EAB-90E5-9992FF5DD36D}"
EndProject
Global
	GlobalSection(SolutionConfigurationPlatforms) = preSolution
		Debug|Any CPU = Debug|Any CPU
		Release|Any CPU = Release|Any CPU
	EndGlobalSection
	GlobalSection(ProjectConfigurationPlatforms) = postSolution
		{62CB2C5C-324D-4EAB-90E5-9992FF5DD36D}.Debug|Any CPU.ActiveCfg = Debug|Any CPU
		{62CB2C5C-324D-4EAB-90E5-9992FF5DD36D}.Debug|Any CPU.Build.0 = Debug|Any CPU
		{62CB2C5C-324D-4EAB-90E5-9992FF5DD36D}.Release|Any CPU.ActiveCfg = Release|Any CPU
		{62CB2C5C-324D-4EAB-90E5-9992FF5DD36D}.Release|Any CPU.Build.0 = Release|Any CPU
	EndGlobalSection
	GlobalSection(SolutionProperties) = preSolution
		HideSolutionNode = FALSE
	EndGlobalSection
	GlobalSection(ExtensibilityGlobals) = postSolution
		SolutionGuid = {9BA233DA-81CA-48CD-BF9D-41A1FEC93530}
	EndGlobalSection
EndGlobal
